
Microsoft Visual Studio Solution File, Format Version 12.00
# Visual Studio Version 17
VisualStudioVersion = 17.10.34818.151
MinimumVisualStudioVersion = 10.0.40219.1
Project("{9A19103F-16F7-4668-BE54-9A1E7A4F7556}") = "EmergencyTrack.Domain", "EmergencyTrack.Domain\EmergencyTrack.Domain.csproj", "{EC8C4C8A-4E98-4CA4-A6AE-D562CF2245AE}"
EndProject
Project("{9A19103F-16F7-4668-BE54-9A1E7A4F7556}") = "EmergencyTrack.Application", "EmergencyTrack.Application\EmergencyTrack.Application.csproj", "{F3F8A6A8-8AE8-4823-AED2-46F189DBFA71}"
	ProjectSection(ProjectDependencies) = postProject
		{EC8C4C8A-4E98-4CA4-A6AE-D562CF2245AE} = {EC8C4C8A-4E98-4CA4-A6AE-D562CF2245AE}
	EndProjectSection
EndProject
Project("{9A19103F-16F7-4668-BE54-9A1E7A4F7556}") = "EmergencyTrack.Infrastructure.Mssql", "EmergencyTrack.Infrastructure\EmergencyTrack.Infrastructure.Mssql.csproj", "{1ABF284F-F188-4D47-AD85-348946DC6D14}"
	ProjectSection(ProjectDependencies) = postProject
		{F3F8A6A8-8AE8-4823-AED2-46F189DBFA71} = {F3F8A6A8-8AE8-4823-AED2-46F189DBFA71}
	EndProjectSection
EndProject
Project("{FAE04EC0-301F-11D3-BF4B-00C04F79EFBC}") = "EmergencyTrack.Api", "EmergencyTrack.Api\EmergencyTrack.Api.csproj", "{48963FEA-4739-46F9-8B4B-3E5B2995BD5B}"
EndProject
Global
	GlobalSection(SolutionConfigurationPlatforms) = preSolution
		Debug|Any CPU = Debug|Any CPU
		Release|Any CPU = Release|Any CPU
	EndGlobalSection
	GlobalSection(ProjectConfigurationPlatforms) = postSolution
		{EC8C4C8A-4E98-4CA4-A6AE-D562CF2245AE}.Debug|Any CPU.ActiveCfg = Debug|Any CPU
		{EC8C4C8A-4E98-4CA4-A6AE-D562CF2245AE}.Debug|Any CPU.Build.0 = Debug|Any CPU
		{EC8C4C8A-4E98-4CA4-A6AE-D562CF2245AE}.Release|Any CPU.ActiveCfg = Release|Any CPU
		{EC8C4C8A-4E98-4CA4-A6AE-D562CF2245AE}.Release|Any CPU.Build.0 = Release|Any CPU
		{F3F8A6A8-8AE8-4823-AED2-46F189DBFA71}.Debug|Any CPU.ActiveCfg = Debug|Any CPU
		{F3F8A6A8-8AE8-4823-AED2-46F189DBFA71}.Debug|Any CPU.Build.0 = Debug|Any CPU
		{F3F8A6A8-8AE8-4823-AED2-46F189DBFA71}.Release|Any CPU.ActiveCfg = Release|Any CPU
		{F3F8A6A8-8AE8-4823-AED2-46F189DBFA71}.Release|Any CPU.Build.0 = Release|Any CPU
		{1ABF284F-F188-4D47-AD85-348946DC6D14}.Debug|Any CPU.ActiveCfg = Debug|Any CPU
		{1ABF284F-F188-4D47-AD85-348946DC6D14}.Debug|Any CPU.Build.0 = Debug|Any CPU
		{1ABF284F-F188-4D47-AD85-348946DC6D14}.Release|Any CPU.ActiveCfg = Release|Any CPU
		{1ABF284F-F188-4D47-AD85-348946DC6D14}.Release|Any CPU.Build.0 = Release|Any CPU
		{48963FEA-4739-46F9-8B4B-3E5B2995BD5B}.Debug|Any CPU.ActiveCfg = Debug|Any CPU
		{48963FEA-4739-46F9-8B4B-3E5B2995BD5B}.Debug|Any CPU.Build.0 = Debug|Any CPU
		{48963FEA-4739-46F9-8B4B-3E5B2995BD5B}.Release|Any CPU.ActiveCfg = Release|Any CPU
		{48963FEA-4739-46F9-8B4B-3E5B2995BD5B}.Release|Any CPU.Build.0 = Release|Any CPU
	EndGlobalSection
	GlobalSection(SolutionProperties) = preSolution
		HideSolutionNode = FALSE
	EndGlobalSection
	GlobalSection(ExtensibilityGlobals) = postSolution
		SolutionGuid = {07BFA0D3-1760-441B-BEC3-B31237047688}
	EndGlobalSection
EndGlobal
